
Microsoft Visual Studio Solution File, Format Version 12.00
# Visual Studio Version 17
VisualStudioVersion = 17.14.36623.8
MinimumVisualStudioVersion = 10.0.40219.1
Project("{8BC9CEB8-8B4A-11D0-8D11-00A0C91BC942}") = "PokerClientCPP", "PokerClientCPP\PokerClientCPP.vcxproj", "{F89FAD5B-256D-46C1-BF4D-2B99632666C1}"
EndProject
Project("{8BC9CEB8-8B4A-11D0-8D11-00A0C91BC942}") = "PokerServerCPP", "PokerServerCPP\PokerGameCPP.vcxproj", "{55BF61BA-EC3C-42A5-B171-BB60D623D45A}"
EndProject
Project("{8BC9CEB8-8B4A-11D0-8D11-00A0C91BC942}") = "PokerGameStaticLib", "PokerGameStaticLib\PokerGameStaticLib.vcxproj", "{EC5FA61A-8590-43BB-9A4C-5D8868FC8352}"
EndProject
Global
	GlobalSection(SolutionConfigurationPlatforms) = preSolution
		Debug|x64 = Debug|x64
		Debug|x86 = Debug|x86
		Release|x64 = Release|x64
		Release|x86 = Release|x86
	EndGlobalSection
	GlobalSection(ProjectConfigurationPlatforms) = postSolution
		{F89FAD5B-256D-46C1-BF4D-2B99632666C1}.Debug|x64.ActiveCfg = Debug|x64
		{F89FAD5B-256D-46C1-BF4D-2B99632666C1}.Debug|x64.Build.0 = Debug|x64
		{F89FAD5B-256D-46C1-BF4D-2B99632666C1}.Debug|x86.ActiveCfg = Debug|Win32
		{F89FAD5B-256D-46C1-BF4D-2B99632666C1}.Debug|x86.Build.0 = Debug|Win32
		{F89FAD5B-256D-46C1-BF4D-2B99632666C1}.Release|x64.ActiveCfg = Release|x64
		{F89FAD5B-256D-46C1-BF4D-2B99632666C1}.Release|x64.Build.0 = Release|x64
		{F89FAD5B-256D-46C1-BF4D-2B99632666C1}.Release|x86.ActiveCfg = Release|Win32
		{F89FAD5B-256D-46C1-BF4D-2B99632666C1}.Release|x86.Build.0 = Release|Win32
		{55BF61BA-EC3C-42A5-B171-BB60D623D45A}.Debug|x64.ActiveCfg = Debug|x64
		{55BF61BA-EC3C-42A5-B171-BB60D623D45A}.Debug|x64.Build.0 = Debug|x64
		{55BF61BA-EC3C-42A5-B171-BB60D623D45A}.Debug|x86.ActiveCfg = Debug|Win32
		{55BF61BA-EC3C-42A5-B171-BB60D623D45A}.Debug|x86.Build.0 = Debug|Win32
		{55BF61BA-EC3C-42A5-B171-BB60D623D45A}.Release|x64.ActiveCfg = Release|x64
		{55BF61BA-EC3C-42A5-B171-BB60D623D45A}.Release|x64.Build.0 = Release|x64
		{55BF61BA-EC3C-42A5-B171-BB60D623D45A}.Release|x86.ActiveCfg = Release|Win32
		{55BF61BA-EC3C-42A5-B171-BB60D623D45A}.Release|x86.Build.0 = Release|Win32
		{EC5FA61A-8590-43BB-9A4C-5D8868FC8352}.Debug|x64.ActiveCfg = Debug|x64
		{EC5FA61A-8590-43BB-9A4C-5D8868FC8352}.Debug|x64.Build.0 = Debug|x64
		{EC5FA61A-8590-43BB-9A4C-5D8868FC8352}.Debug|x86.ActiveCfg = Debug|Win32
		{EC5FA61A-8590-43BB-9A4C-5D8868FC8352}.Debug|x86.Build.0 = Debug|Win32
		{EC5FA61A-8590-43BB-9A4C-5D8868FC8352}.Release|x64.ActiveCfg = Release|x64
		{EC5FA61A-8590-43BB-9A4C-5D8868FC8352}.Release|x64.Build.0 = Release|x64
		{EC5FA61A-8590-43BB-9A4C-5D8868FC8352}.Release|x86.ActiveCfg = Release|Win32
		{EC5FA61A-8590-43BB-9A4C-5D8868FC8352}.Release|x86.Build.0 = Release|Win32
	EndGlobalSection
	GlobalSection(SolutionProperties) = preSolution
		HideSolutionNode = FALSE
	EndGlobalSection
	GlobalSection(ExtensibilityGlobals) = postSolution
		SolutionGuid = {2893F269-C14D-4153-9B6E-0672F54EFDA7}
	EndGlobalSection
EndGlobal
